
Microsoft Visual Studio Solution File, Format Version 12.00
# Visual Studio 2013
VisualStudioVersion = 12.0.40629.0
MinimumVisualStudioVersion = 10.0.40219.1
Project("{B1E792BE-AA5F-4E3C-8C82-674BF9C0715B}") = "MPS", "MPS\MPS.tsproj", "{95079B1D-60C3-4C20-B2B9-E7F937050735}"
EndProject
Global
	GlobalSection(SolutionConfigurationPlatforms) = preSolution
		Debug|TwinCAT CE7 (ARMV7) = Debug|TwinCAT CE7 (ARMV7)
		Debug|TwinCAT RT (x64) = Debug|TwinCAT RT (x64)
		Debug|TwinCAT RT (x86) = Debug|TwinCAT RT (x86)
		Release|TwinCAT CE7 (ARMV7) = Release|TwinCAT CE7 (ARMV7)
		Release|TwinCAT RT (x64) = Release|TwinCAT RT (x64)
		Release|TwinCAT RT (x86) = Release|TwinCAT RT (x86)
	EndGlobalSection
	GlobalSection(ProjectConfigurationPlatforms) = postSolution
		{95079B1D-60C3-4C20-B2B9-E7F937050735}.Debug|TwinCAT CE7 (ARMV7).ActiveCfg = Debug|TwinCAT CE7 (ARMV7)
		{95079B1D-60C3-4C20-B2B9-E7F937050735}.Debug|TwinCAT CE7 (ARMV7).Build.0 = Debug|TwinCAT CE7 (ARMV7)
		{95079B1D-60C3-4C20-B2B9-E7F937050735}.Debug|TwinCAT RT (x64).ActiveCfg = Debug|TwinCAT RT (x64)
		{95079B1D-60C3-4C20-B2B9-E7F937050735}.Debug|TwinCAT RT (x64).Build.0 = Debug|TwinCAT RT (x64)
		{95079B1D-60C3-4C20-B2B9-E7F937050735}.Debug|TwinCAT RT (x86).ActiveCfg = Debug|TwinCAT RT (x86)
		{95079B1D-60C3-4C20-B2B9-E7F937050735}.Debug|TwinCAT RT (x86).Build.0 = Debug|TwinCAT RT (x86)
		{95079B1D-60C3-4C20-B2B9-E7F937050735}.Release|TwinCAT CE7 (ARMV7).ActiveCfg = Release|TwinCAT CE7 (ARMV7)
		{95079B1D-60C3-4C20-B2B9-E7F937050735}.Release|TwinCAT CE7 (ARMV7).Build.0 = Release|TwinCAT CE7 (ARMV7)
		{95079B1D-60C3-4C20-B2B9-E7F937050735}.Release|TwinCAT RT (x64).ActiveCfg = Release|TwinCAT RT (x64)
		{95079B1D-60C3-4C20-B2B9-E7F937050735}.Release|TwinCAT RT (x64).Build.0 = Release|TwinCAT RT (x64)
		{95079B1D-60C3-4C20-B2B9-E7F937050735}.Release|TwinCAT RT (x86).ActiveCfg = Release|TwinCAT RT (x86)
		{95079B1D-60C3-4C20-B2B9-E7F937050735}.Release|TwinCAT RT (x86).Build.0 = Release|TwinCAT RT (x86)
		{A42470DF-2EE6-46E1-A762-19EA9A108A66}.Debug|TwinCAT CE7 (ARMV7).ActiveCfg = Debug|TwinCAT CE7 (ARMV7)
		{A42470DF-2EE6-46E1-A762-19EA9A108A66}.Debug|TwinCAT CE7 (ARMV7).Build.0 = Debug|TwinCAT CE7 (ARMV7)
		{A42470DF-2EE6-46E1-A762-19EA9A108A66}.Debug|TwinCAT RT (x64).ActiveCfg = Debug|TwinCAT RT (x64)
		{A42470DF-2EE6-46E1-A762-19EA9A108A66}.Debug|TwinCAT RT (x64).Build.0 = Debug|TwinCAT RT (x64)
		{A42470DF-2EE6-46E1-A762-19EA9A108A66}.Debug|TwinCAT RT (x86).ActiveCfg = Debug|TwinCAT RT (x86)
		{A42470DF-2EE6-46E1-A762-19EA9A108A66}.Debug|TwinCAT RT (x86).Build.0 = Debug|TwinCAT RT (x86)
		{A42470DF-2EE6-46E1-A762-19EA9A108A66}.Release|TwinCAT CE7 (ARMV7).ActiveCfg = Release|TwinCAT CE7 (ARMV7)
		{A42470DF-2EE6-46E1-A762-19EA9A108A66}.Release|TwinCAT CE7 (ARMV7).Build.0 = Release|TwinCAT CE7 (ARMV7)
		{A42470DF-2EE6-46E1-A762-19EA9A108A66}.Release|TwinCAT RT (x64).ActiveCfg = Release|TwinCAT RT (x64)
		{A42470DF-2EE6-46E1-A762-19EA9A108A66}.Release|TwinCAT RT (x64).Build.0 = Release|TwinCAT RT (x64)
		{A42470DF-2EE6-46E1-A762-19EA9A108A66}.Release|TwinCAT RT (x86).ActiveCfg = Release|TwinCAT RT (x86)
		{A42470DF-2EE6-46E1-A762-19EA9A108A66}.Release|TwinCAT RT (x86).Build.0 = Release|TwinCAT RT (x86)
	EndGlobalSection
	GlobalSection(SolutionProperties) = preSolution
		HideSolutionNode = FALSE
	EndGlobalSection
EndGlobal
